
Microsoft Visual Studio Solution File, Format Version 12.00
# Visual Studio Version 16
VisualStudioVersion = 16.0.29306.81
MinimumVisualStudioVersion = 10.0.40219.1
Project("{FAE04EC0-301F-11D3-BF4B-00C04F79EFBC}") = "MiPC", "MiPC.csproj", "{751D0EBA-6ABB-4ACF-8982-0B937426411D}"
EndProject
Global
	GlobalSection(SolutionConfigurationPlatforms) = preSolution
		Debug|Any CPU = Debug|Any CPU
		Release|Any CPU = Release|Any CPU
	EndGlobalSection
	GlobalSection(ProjectConfigurationPlatforms) = postSolution
		{751D0EBA-6ABB-4ACF-8982-0B937426411D}.Debug|Any CPU.ActiveCfg = Debug|Any CPU
		{751D0EBA-6ABB-4ACF-8982-0B937426411D}.Debug|Any CPU.Build.0 = Debug|Any CPU
		{751D0EBA-6ABB-4ACF-8982-0B937426411D}.Release|Any CPU.ActiveCfg = Release|Any CPU
		{751D0EBA-6ABB-4ACF-8982-0B937426411D}.Release|Any CPU.Build.0 = Release|Any CPU
	EndGlobalSection
	GlobalSection(SolutionProperties) = preSolution
		HideSolutionNode = FALSE
	EndGlobalSection
	GlobalSection(ExtensibilityGlobals) = postSolution
		SolutionGuid = {5D6BCFB3-A0CC-41B7-8A8E-21C0BEBCA960}
	EndGlobalSection
EndGlobal
